// !$*UTF8*$!
{
	archiveVersion = 1;
	classes = {
	};
	objectVersion = 46;
	objects = {

/* Begin PBXBuildFile section */
		AB098FAB1D99478E00622188 /* AppDelegate.swift in Sources */ = {isa = PBXBuildFile; fileRef = AB098FAA1D99478E00622188 /* AppDelegate.swift */; };
		AB098FAD1D99478E00622188 /* ViewController.swift in Sources */ = {isa = PBXBuildFile; fileRef = AB098FAC1D99478E00622188 /* ViewController.swift */; };
		AB098FB01D99478E00622188 /* Main.storyboard in Resources */ = {isa = PBXBuildFile; fileRef = AB098FAE1D99478E00622188 /* Main.storyboard */; };
		AB098FB21D99478E00622188 /* Assets.xcassets in Resources */ = {isa = PBXBuildFile; fileRef = AB098FB11D99478E00622188 /* Assets.xcassets */; };
		AB098FB51D99478E00622188 /* LaunchScreen.storyboard in Resources */ = {isa = PBXBuildFile; fileRef = AB098FB31D99478E00622188 /* LaunchScreen.storyboard */; };
		AB26A7B11D9964E1000F5A34 /* ViewRifornienti.swift in Sources */ = {isa = PBXBuildFile; fileRef = AB26A7AF1D9964E1000F5A34 /* ViewRifornienti.swift */; };
		AB26A7B41D996676000F5A34 /* ViewNewValue.swift in Sources */ = {isa = PBXBuildFile; fileRef = AB26A7B31D996676000F5A34 /* ViewNewValue.swift */; };
		AB26A7B71D9968AF000F5A34 /* CustomValueCell.swift in Sources */ = {isa = PBXBuildFile; fileRef = AB26A7B51D9968AF000F5A34 /* CustomValueCell.swift */; };
		AB26A7B81D9968AF000F5A34 /* CustomValueCell.xib in Resources */ = {isa = PBXBuildFile; fileRef = AB26A7B61D9968AF000F5A34 /* CustomValueCell.xib */; };
		AB4E34DE1D9C10F700ED5325 /* MySqlClass.swift in Sources */ = {isa = PBXBuildFile; fileRef = AB4E34DD1D9C10F700ED5325 /* MySqlClass.swift */; };
		AB85FAEA1D9951FC00197310 /* CustomStatCell.swift in Sources */ = {isa = PBXBuildFile; fileRef = AB85FAE81D9951FC00197310 /* CustomStatCell.swift */; };
		AB85FAEB1D9951FC00197310 /* CustomStatCell.xib in Resources */ = {isa = PBXBuildFile; fileRef = AB85FAE91D9951FC00197310 /* CustomStatCell.xib */; };
		AB99D5501E1C7F5500FAD6F6 /* Interface.storyboard in Resources */ = {isa = PBXBuildFile; fileRef = AB99D54E1E1C7F5500FAD6F6 /* Interface.storyboard */; };
		AB99D5591E1C7F5500FAD6F6 /* MyFuelWatch Extension.appex in Embed App Extensions */ = {isa = PBXBuildFile; fileRef = AB99D5581E1C7F5500FAD6F6 /* MyFuelWatch Extension.appex */; settings = {ATTRIBUTES = (RemoveHeadersOnCopy, ); }; };
		AB99D5601E1C7F5500FAD6F6 /* InterfaceController.swift in Sources */ = {isa = PBXBuildFile; fileRef = AB99D55F1E1C7F5500FAD6F6 /* InterfaceController.swift */; };
		AB99D5621E1C7F5500FAD6F6 /* ExtensionDelegate.swift in Sources */ = {isa = PBXBuildFile; fileRef = AB99D5611E1C7F5500FAD6F6 /* ExtensionDelegate.swift */; };
		AB99D5641E1C7F5500FAD6F6 /* NotificationController.swift in Sources */ = {isa = PBXBuildFile; fileRef = AB99D5631E1C7F5500FAD6F6 /* NotificationController.swift */; };
		AB99D56A1E1C7F5500FAD6F6 /* MyFuelWatch.app in Embed Watch Content */ = {isa = PBXBuildFile; fileRef = AB99D54C1E1C7F5500FAD6F6 /* MyFuelWatch.app */; };
		ABDBD3081E1D374D0074F46F /* MainController.swift in Sources */ = {isa = PBXBuildFile; fileRef = ABDBD3051E1D374D0074F46F /* MainController.swift */; };
		ABDBD3091E1D374D0074F46F /* DetailsViewInterfaceController.swift in Sources */ = {isa = PBXBuildFile; fileRef = ABDBD3061E1D374D0074F46F /* DetailsViewInterfaceController.swift */; };
		ABDBD30A1E1D374D0074F46F /* CustomCell.swift in Sources */ = {isa = PBXBuildFile; fileRef = ABDBD3071E1D374D0074F46F /* CustomCell.swift */; };
		ABDBD30B1E1D3D9A0074F46F /* Indicator.xcassets in Resources */ = {isa = PBXBuildFile; fileRef = ABDBD3031E1D37290074F46F /* Indicator.xcassets */; };
		ABDBD30C1E1D3D9E0074F46F /* AssetsWatch.xcassets in Resources */ = {isa = PBXBuildFile; fileRef = AB99D5651E1C7F5500FAD6F6 /* AssetsWatch.xcassets */; };
		ABDBD30D1E1D3DA80074F46F /* Assets.xcassets in Resources */ = {isa = PBXBuildFile; fileRef = AB99D5511E1C7F5500FAD6F6 /* Assets.xcassets */; };
/* End PBXBuildFile section */

/* Begin PBXContainerItemProxy section */
		AB99D55A1E1C7F5500FAD6F6 /* PBXContainerItemProxy */ = {
			isa = PBXContainerItemProxy;
			containerPortal = AB098F9F1D99478D00622188 /* Project object */;
			proxyType = 1;
			remoteGlobalIDString = AB99D5571E1C7F5500FAD6F6;
			remoteInfo = "MyFuelWatch Extension";
		};
		AB99D5681E1C7F5500FAD6F6 /* PBXContainerItemProxy */ = {
			isa = PBXContainerItemProxy;
			containerPortal = AB098F9F1D99478D00622188 /* Project object */;
			proxyType = 1;
			remoteGlobalIDString = AB99D54B1E1C7F5500FAD6F6;
			remoteInfo = MyFuelWatch;
		};
/* End PBXContainerItemProxy section */

/* Begin PBXCopyFilesBuildPhase section */
		AB99D5701E1C7F5500FAD6F6 /* Embed App Extensions */ = {
			isa = PBXCopyFilesBuildPhase;
			buildActionMask = 2147483647;
			dstPath = "";
			dstSubfolderSpec = 13;
			files = (
				AB99D5591E1C7F5500FAD6F6 /* MyFuelWatch Extension.appex in Embed App Extensions */,
			);
			name = "Embed App Extensions";
			runOnlyForDeploymentPostprocessing = 0;
		};
		AB99D5721E1C7F5500FAD6F6 /* Embed Watch Content */ = {
			isa = PBXCopyFilesBuildPhase;
			buildActionMask = 2147483647;
			dstPath = "$(CONTENTS_FOLDER_PATH)/Watch";
			dstSubfolderSpec = 16;
			files = (
				AB99D56A1E1C7F5500FAD6F6 /* MyFuelWatch.app in Embed Watch Content */,
			);
			name = "Embed Watch Content";
			runOnlyForDeploymentPostprocessing = 0;
		};
/* End PBXCopyFilesBuildPhase section */

/* Begin PBXFileReference section */
		AB098FA71D99478E00622188 /* MyFuel.app */ = {isa = PBXFileReference; explicitFileType = wrapper.application; includeInIndex = 0; path = MyFuel.app; sourceTree = BUILT_PRODUCTS_DIR; };
		AB098FAA1D99478E00622188 /* AppDelegate.swift */ = {isa = PBXFileReference; lastKnownFileType = sourcecode.swift; path = AppDelegate.swift; sourceTree = "<group>"; };
		AB098FAC1D99478E00622188 /* ViewController.swift */ = {isa = PBXFileReference; lastKnownFileType = sourcecode.swift; path = ViewController.swift; sourceTree = "<group>"; };
		AB098FAF1D99478E00622188 /* Base */ = {isa = PBXFileReference; lastKnownFileType = file.storyboard; name = Base; path = Base.lproj/Main.storyboard; sourceTree = "<group>"; };
		AB098FB11D99478E00622188 /* Assets.xcassets */ = {isa = PBXFileReference; lastKnownFileType = folder.assetcatalog; path = Assets.xcassets; sourceTree = "<group>"; };
		AB098FB41D99478E00622188 /* Base */ = {isa = PBXFileReference; lastKnownFileType = file.storyboard; name = Base; path = Base.lproj/LaunchScreen.storyboard; sourceTree = "<group>"; };
		AB098FB61D99478E00622188 /* Info.plist */ = {isa = PBXFileReference; lastKnownFileType = text.plist.xml; path = Info.plist; sourceTree = "<group>"; };
		AB26A7AF1D9964E1000F5A34 /* ViewRifornienti.swift */ = {isa = PBXFileReference; fileEncoding = 4; lastKnownFileType = sourcecode.swift; path = ViewRifornienti.swift; sourceTree = "<group>"; };
		AB26A7B31D996676000F5A34 /* ViewNewValue.swift */ = {isa = PBXFileReference; fileEncoding = 4; lastKnownFileType = sourcecode.swift; path = ViewNewValue.swift; sourceTree = "<group>"; };
		AB26A7B51D9968AF000F5A34 /* CustomValueCell.swift */ = {isa = PBXFileReference; fileEncoding = 4; lastKnownFileType = sourcecode.swift; path = CustomValueCell.swift; sourceTree = "<group>"; };
		AB26A7B61D9968AF000F5A34 /* CustomValueCell.xib */ = {isa = PBXFileReference; fileEncoding = 4; lastKnownFileType = file.xib; path = CustomValueCell.xib; sourceTree = "<group>"; };
		AB4E34DD1D9C10F700ED5325 /* MySqlClass.swift */ = {isa = PBXFileReference; fileEncoding = 4; lastKnownFileType = sourcecode.swift; path = MySqlClass.swift; sourceTree = "<group>"; };
		AB85FAE81D9951FC00197310 /* CustomStatCell.swift */ = {isa = PBXFileReference; fileEncoding = 4; lastKnownFileType = sourcecode.swift; path = CustomStatCell.swift; sourceTree = "<group>"; };
		AB85FAE91D9951FC00197310 /* CustomStatCell.xib */ = {isa = PBXFileReference; fileEncoding = 4; lastKnownFileType = file.xib; path = CustomStatCell.xib; sourceTree = "<group>"; };
		AB99D54C1E1C7F5500FAD6F6 /* MyFuelWatch.app */ = {isa = PBXFileReference; explicitFileType = wrapper.application; includeInIndex = 0; path = MyFuelWatch.app; sourceTree = BUILT_PRODUCTS_DIR; };
		AB99D54F1E1C7F5500FAD6F6 /* Base */ = {isa = PBXFileReference; lastKnownFileType = file.storyboard; name = Base; path = Base.lproj/Interface.storyboard; sourceTree = "<group>"; };
		AB99D5511E1C7F5500FAD6F6 /* Assets.xcassets */ = {isa = PBXFileReference; lastKnownFileType = folder.assetcatalog; name = Assets.xcassets; path = ../MyFuelWatch/Assets.xcassets; sourceTree = "<group>"; };
		AB99D5531E1C7F5500FAD6F6 /* Info.plist */ = {isa = PBXFileReference; lastKnownFileType = text.plist.xml; path = Info.plist; sourceTree = "<group>"; };
		AB99D5581E1C7F5500FAD6F6 /* MyFuelWatch Extension.appex */ = {isa = PBXFileReference; explicitFileType = "wrapper.app-extension"; includeInIndex = 0; path = "MyFuelWatch Extension.appex"; sourceTree = BUILT_PRODUCTS_DIR; };
		AB99D55E1E1C7F5500FAD6F6 /* PushNotificationPayload.apns */ = {isa = PBXFileReference; lastKnownFileType = text; path = PushNotificationPayload.apns; sourceTree = "<group>"; };
		AB99D55F1E1C7F5500FAD6F6 /* InterfaceController.swift */ = {isa = PBXFileReference; lastKnownFileType = sourcecode.swift; path = InterfaceController.swift; sourceTree = "<group>"; };
		AB99D5611E1C7F5500FAD6F6 /* ExtensionDelegate.swift */ = {isa = PBXFileReference; lastKnownFileType = sourcecode.swift; path = ExtensionDelegate.swift; sourceTree = "<group>"; };
		AB99D5631E1C7F5500FAD6F6 /* NotificationController.swift */ = {isa = PBXFileReference; lastKnownFileType = sourcecode.swift; path = NotificationController.swift; sourceTree = "<group>"; };
		AB99D5651E1C7F5500FAD6F6 /* AssetsWatch.xcassets */ = {isa = PBXFileReference; lastKnownFileType = folder.assetcatalog; name = AssetsWatch.xcassets; path = "MyFuelWatch Extension/AssetsWatch.xcassets"; sourceTree = SOURCE_ROOT; };
		AB99D5671E1C7F5500FAD6F6 /* Info.plist */ = {isa = PBXFileReference; lastKnownFileType = text.plist.xml; path = Info.plist; sourceTree = "<group>"; };
		ABDBD3031E1D37290074F46F /* Indicator.xcassets */ = {isa = PBXFileReference; lastKnownFileType = folder.assetcatalog; name = Indicator.xcassets; path = "MyFuelWatch Extension/Indicator.xcassets"; sourceTree = SOURCE_ROOT; };
		ABDBD3051E1D374D0074F46F /* MainController.swift */ = {isa = PBXFileReference; fileEncoding = 4; lastKnownFileType = sourcecode.swift; path = MainController.swift; sourceTree = "<group>"; };
		ABDBD3061E1D374D0074F46F /* DetailsViewInterfaceController.swift */ = {isa = PBXFileReference; fileEncoding = 4; lastKnownFileType = sourcecode.swift; path = DetailsViewInterfaceController.swift; sourceTree = "<group>"; };
		ABDBD3071E1D374D0074F46F /* CustomCell.swift */ = {isa = PBXFileReference; fileEncoding = 4; lastKnownFileType = sourcecode.swift; path = CustomCell.swift; sourceTree = "<group>"; };
/* End PBXFileReference section */

/* Begin PBXFrameworksBuildPhase section */
		AB098FA41D99478D00622188 /* Frameworks */ = {
			isa = PBXFrameworksBuildPhase;
			buildActionMask = 2147483647;
			files = (
			);
			runOnlyForDeploymentPostprocessing = 0;
		};
		AB99D5551E1C7F5500FAD6F6 /* Frameworks */ = {
			isa = PBXFrameworksBuildPhase;
			buildActionMask = 2147483647;
			files = (
			);
			runOnlyForDeploymentPostprocessing = 0;
		};
/* End PBXFrameworksBuildPhase section */

/* Begin PBXGroup section */
		AB098F9E1D99478D00622188 = {
			isa = PBXGroup;
			children = (
				AB098FA91D99478E00622188 /* MyFuel */,
				AB99D54D1E1C7F5500FAD6F6 /* MyFuelWatch */,
				AB99D55C1E1C7F5500FAD6F6 /* MyFuelWatch Extension */,
				AB098FA81D99478E00622188 /* Products */,
			);
			sourceTree = "<group>";
		};
		AB098FA81D99478E00622188 /* Products */ = {
			isa = PBXGroup;
			children = (
				AB098FA71D99478E00622188 /* MyFuel.app */,
				AB99D54C1E1C7F5500FAD6F6 /* MyFuelWatch.app */,
				AB99D5581E1C7F5500FAD6F6 /* MyFuelWatch Extension.appex */,
			);
			name = Products;
			sourceTree = "<group>";
		};
		AB098FA91D99478E00622188 /* MyFuel */ = {
			isa = PBXGroup;
			children = (
				ABCF1ACC1D99CFD300582316 /* Image */,
				AB85FAE71D99519300197310 /* Cells */,
				AB098FAA1D99478E00622188 /* AppDelegate.swift */,
				AB098FAC1D99478E00622188 /* ViewController.swift */,
				AB098FAE1D99478E00622188 /* Main.storyboard */,
				AB26A7AF1D9964E1000F5A34 /* ViewRifornienti.swift */,
				AB098FB11D99478E00622188 /* Assets.xcassets */,
				AB098FB31D99478E00622188 /* LaunchScreen.storyboard */,
				AB098FB61D99478E00622188 /* Info.plist */,
				AB26A7B31D996676000F5A34 /* ViewNewValue.swift */,
				AB4E34DD1D9C10F700ED5325 /* MySqlClass.swift */,
			);
			path = MyFuel;
			sourceTree = "<group>";
		};
		AB85FAE71D99519300197310 /* Cells */ = {
			isa = PBXGroup;
			children = (
				AB85FAE81D9951FC00197310 /* CustomStatCell.swift */,
				AB85FAE91D9951FC00197310 /* CustomStatCell.xib */,
				AB26A7B51D9968AF000F5A34 /* CustomValueCell.swift */,
				AB26A7B61D9968AF000F5A34 /* CustomValueCell.xib */,
			);
			name = Cells;
			sourceTree = "<group>";
		};
		AB99D54D1E1C7F5500FAD6F6 /* MyFuelWatch */ = {
			isa = PBXGroup;
			children = (
				AB99D5651E1C7F5500FAD6F6 /* AssetsWatch.xcassets */,
				ABDBD3031E1D37290074F46F /* Indicator.xcassets */,
				AB99D54E1E1C7F5500FAD6F6 /* Interface.storyboard */,
				AB99D5531E1C7F5500FAD6F6 /* Info.plist */,
			);
			path = MyFuelWatch;
			sourceTree = "<group>";
		};
		AB99D55C1E1C7F5500FAD6F6 /* MyFuelWatch Extension */ = {
			isa = PBXGroup;
			children = (
				ABDBD3051E1D374D0074F46F /* MainController.swift */,
				ABDBD3061E1D374D0074F46F /* DetailsViewInterfaceController.swift */,
				ABDBD3071E1D374D0074F46F /* CustomCell.swift */,
				AB99D55F1E1C7F5500FAD6F6 /* InterfaceController.swift */,
				AB99D5611E1C7F5500FAD6F6 /* ExtensionDelegate.swift */,
				AB99D5631E1C7F5500FAD6F6 /* NotificationController.swift */,
				AB99D5511E1C7F5500FAD6F6 /* Assets.xcassets */,
				AB99D5671E1C7F5500FAD6F6 /* Info.plist */,
				AB99D55D1E1C7F5500FAD6F6 /* Supporting Files */,
			);
			path = "MyFuelWatch Extension";
			sourceTree = "<group>";
		};
		AB99D55D1E1C7F5500FAD6F6 /* Supporting Files */ = {
			isa = PBXGroup;
			children = (
				AB99D55E1E1C7F5500FAD6F6 /* PushNotificationPayload.apns */,
			);
			name = "Supporting Files";
			sourceTree = "<group>";
		};
		ABCF1ACC1D99CFD300582316 /* Image */ = {
			isa = PBXGroup;
			children = (
			);
			name = Image;
			sourceTree = "<group>";
		};
/* End PBXGroup section */

/* Begin PBXNativeTarget section */
		AB098FA61D99478D00622188 /* MyFuel */ = {
			isa = PBXNativeTarget;
			buildConfigurationList = AB098FB91D99478E00622188 /* Build configuration list for PBXNativeTarget "MyFuel" */;
			buildPhases = (
				AB098FA31D99478D00622188 /* Sources */,
				AB098FA41D99478D00622188 /* Frameworks */,
				AB098FA51D99478D00622188 /* Resources */,
				AB99D5721E1C7F5500FAD6F6 /* Embed Watch Content */,
			);
			buildRules = (
			);
			dependencies = (
				AB99D5691E1C7F5500FAD6F6 /* PBXTargetDependency */,
			);
			name = MyFuel;
			productName = MyFuel;
			productReference = AB098FA71D99478E00622188 /* MyFuel.app */;
			productType = "com.apple.product-type.application";
		};
		AB99D54B1E1C7F5500FAD6F6 /* MyFuelWatch */ = {
			isa = PBXNativeTarget;
			buildConfigurationList = AB99D5711E1C7F5500FAD6F6 /* Build configuration list for PBXNativeTarget "MyFuelWatch" */;
			buildPhases = (
				AB99D54A1E1C7F5500FAD6F6 /* Resources */,
				AB99D5701E1C7F5500FAD6F6 /* Embed App Extensions */,
			);
			buildRules = (
			);
			dependencies = (
				AB99D55B1E1C7F5500FAD6F6 /* PBXTargetDependency */,
			);
			name = MyFuelWatch;
			productName = MyFuelWatch;
			productReference = AB99D54C1E1C7F5500FAD6F6 /* MyFuelWatch.app */;
			productType = "com.apple.product-type.application.watchapp2";
		};
		AB99D5571E1C7F5500FAD6F6 /* MyFuelWatch Extension */ = {
			isa = PBXNativeTarget;
			buildConfigurationList = AB99D56F1E1C7F5500FAD6F6 /* Build configuration list for PBXNativeTarget "MyFuelWatch Extension" */;
			buildPhases = (
				AB99D5541E1C7F5500FAD6F6 /* Sources */,
				AB99D5551E1C7F5500FAD6F6 /* Frameworks */,
				AB99D5561E1C7F5500FAD6F6 /* Resources */,
			);
			buildRules = (
			);
			dependencies = (
			);
			name = "MyFuelWatch Extension";
			productName = "MyFuelWatch Extension";
			productReference = AB99D5581E1C7F5500FAD6F6 /* MyFuelWatch Extension.appex */;
			productType = "com.apple.product-type.watchkit2-extension";
		};
/* End PBXNativeTarget section */

/* Begin PBXProject section */
		AB098F9F1D99478D00622188 /* Project object */ = {
			isa = PBXProject;
			attributes = {
				LastSwiftUpdateCheck = 0820;
				LastUpgradeCheck = 0800;
				ORGANIZATIONNAME = "Luca Storer";
				TargetAttributes = {
					AB098FA61D99478D00622188 = {
						CreatedOnToolsVersion = 7.3;
						DevelopmentTeam = EP75SSBDBP;
						LastSwiftMigration = 0800;
						ProvisioningStyle = Automatic;
					};
					AB99D54B1E1C7F5500FAD6F6 = {
						CreatedOnToolsVersion = 8.2.1;
						DevelopmentTeam = EP75SSBDBP;
						ProvisioningStyle = Automatic;
					};
					AB99D5571E1C7F5500FAD6F6 = {
						CreatedOnToolsVersion = 8.2.1;
						DevelopmentTeam = EP75SSBDBP;
						ProvisioningStyle = Automatic;
					};
				};
			};
			buildConfigurationList = AB098FA21D99478D00622188 /* Build configuration list for PBXProject "MyFuel" */;
			compatibilityVersion = "Xcode 3.2";
			developmentRegion = English;
			hasScannedForEncodings = 0;
			knownRegions = (
				en,
				Base,
			);
			mainGroup = AB098F9E1D99478D00622188;
			productRefGroup = AB098FA81D99478E00622188 /* Products */;
			projectDirPath = "";
			projectRoot = "";
			targets = (
				AB098FA61D99478D00622188 /* MyFuel */,
				AB99D54B1E1C7F5500FAD6F6 /* MyFuelWatch */,
				AB99D5571E1C7F5500FAD6F6 /* MyFuelWatch Extension */,
			);
		};
/* End PBXProject section */

/* Begin PBXResourcesBuildPhase section */
		AB098FA51D99478D00622188 /* Resources */ = {
			isa = PBXResourcesBuildPhase;
			buildActionMask = 2147483647;
			files = (
				AB098FB51D99478E00622188 /* LaunchScreen.storyboard in Resources */,
				AB098FB21D99478E00622188 /* Assets.xcassets in Resources */,
				AB85FAEB1D9951FC00197310 /* CustomStatCell.xib in Resources */,
				AB26A7B81D9968AF000F5A34 /* CustomValueCell.xib in Resources */,
				AB098FB01D99478E00622188 /* Main.storyboard in Resources */,
			);
			runOnlyForDeploymentPostprocessing = 0;
		};
		AB99D54A1E1C7F5500FAD6F6 /* Resources */ = {
			isa = PBXResourcesBuildPhase;
			buildActionMask = 2147483647;
			files = (
				ABDBD30B1E1D3D9A0074F46F /* Indicator.xcassets in Resources */,
				ABDBD30C1E1D3D9E0074F46F /* AssetsWatch.xcassets in Resources */,
				AB99D5501E1C7F5500FAD6F6 /* Interface.storyboard in Resources */,
			);
			runOnlyForDeploymentPostprocessing = 0;
		};
		AB99D5561E1C7F5500FAD6F6 /* Resources */ = {
			isa = PBXResourcesBuildPhase;
			buildActionMask = 2147483647;
			files = (
				ABDBD30D1E1D3DA80074F46F /* Assets.xcassets in Resources */,
			);
			runOnlyForDeploymentPostprocessing = 0;
		};
/* End PBXResourcesBuildPhase section */

/* Begin PBXSourcesBuildPhase section */
		AB098FA31D99478D00622188 /* Sources */ = {
			isa = PBXSourcesBuildPhase;
			buildActionMask = 2147483647;
			files = (
				AB4E34DE1D9C10F700ED5325 /* MySqlClass.swift in Sources */,
				AB26A7B11D9964E1000F5A34 /* ViewRifornienti.swift in Sources */,
				AB098FAD1D99478E00622188 /* ViewController.swift in Sources */,
				AB098FAB1D99478E00622188 /* AppDelegate.swift in Sources */,
				AB26A7B41D996676000F5A34 /* ViewNewValue.swift in Sources */,
				AB26A7B71D9968AF000F5A34 /* CustomValueCell.swift in Sources */,
				AB85FAEA1D9951FC00197310 /* CustomStatCell.swift in Sources */,
			);
			runOnlyForDeploymentPostprocessing = 0;
		};
		AB99D5541E1C7F5500FAD6F6 /* Sources */ = {
			isa = PBXSourcesBuildPhase;
			buildActionMask = 2147483647;
			files = (
				ABDBD3081E1D374D0074F46F /* MainController.swift in Sources */,
				AB99D5641E1C7F5500FAD6F6 /* NotificationController.swift in Sources */,
				AB99D5621E1C7F5500FAD6F6 /* ExtensionDelegate.swift in Sources */,
				AB99D5601E1C7F5500FAD6F6 /* InterfaceController.swift in Sources */,
				ABDBD30A1E1D374D0074F46F /* CustomCell.swift in Sources */,
				ABDBD3091E1D374D0074F46F /* DetailsViewInterfaceController.swift in Sources */,
			);
			runOnlyForDeploymentPostprocessing = 0;
		};
/* End PBXSourcesBuildPhase section */

/* Begin PBXTargetDependency section */
		AB99D55B1E1C7F5500FAD6F6 /* PBXTargetDependency */ = {
			isa = PBXTargetDependency;
			target = AB99D5571E1C7F5500FAD6F6 /* MyFuelWatch Extension */;
			targetProxy = AB99D55A1E1C7F5500FAD6F6 /* PBXContainerItemProxy */;
		};
		AB99D5691E1C7F5500FAD6F6 /* PBXTargetDependency */ = {
			isa = PBXTargetDependency;
			target = AB99D54B1E1C7F5500FAD6F6 /* MyFuelWatch */;
			targetProxy = AB99D5681E1C7F5500FAD6F6 /* PBXContainerItemProxy */;
		};
/* End PBXTargetDependency section */

/* Begin PBXVariantGroup section */
		AB098FAE1D99478E00622188 /* Main.storyboard */ = {
			isa = PBXVariantGroup;
			children = (
				AB098FAF1D99478E00622188 /* Base */,
			);
			name = Main.storyboard;
			sourceTree = "<group>";
		};
		AB098FB31D99478E00622188 /* LaunchScreen.storyboard */ = {
			isa = PBXVariantGroup;
			children = (
				AB098FB41D99478E00622188 /* Base */,
			);
			name = LaunchScreen.storyboard;
			sourceTree = "<group>";
		};
		AB99D54E1E1C7F5500FAD6F6 /* Interface.storyboard */ = {
			isa = PBXVariantGroup;
			children = (
				AB99D54F1E1C7F5500FAD6F6 /* Base */,
			);
			name = Interface.storyboard;
			sourceTree = "<group>";
		};
/* End PBXVariantGroup section */

/* Begin XCBuildConfiguration section */
		AB098FB71D99478E00622188 /* Debug */ = {
			isa = XCBuildConfiguration;
			buildSettings = {
				ALWAYS_SEARCH_USER_PATHS = NO;
				CLANG_ANALYZER_NONNULL = YES;
				CLANG_CXX_LANGUAGE_STANDARD = "gnu++0x";
				CLANG_CXX_LIBRARY = "libc++";
				CLANG_ENABLE_MODULES = YES;
				CLANG_ENABLE_OBJC_ARC = YES;
				CLANG_WARN_BOOL_CONVERSION = YES;
				CLANG_WARN_CONSTANT_CONVERSION = YES;
				CLANG_WARN_DIRECT_OBJC_ISA_USAGE = YES_ERROR;
				CLANG_WARN_EMPTY_BODY = YES;
				CLANG_WARN_ENUM_CONVERSION = YES;
				CLANG_WARN_INFINITE_RECURSION = YES;
				CLANG_WARN_INT_CONVERSION = YES;
				CLANG_WARN_OBJC_ROOT_CLASS = YES_ERROR;
				CLANG_WARN_SUSPICIOUS_MOVE = YES;
				CLANG_WARN_UNREACHABLE_CODE = YES;
				CLANG_WARN__DUPLICATE_METHOD_MATCH = YES;
				"CODE_SIGN_IDENTITY[sdk=iphoneos*]" = "iPhone Developer";
				COPY_PHASE_STRIP = NO;
				DEBUG_INFORMATION_FORMAT = dwarf;
				ENABLE_STRICT_OBJC_MSGSEND = YES;
				ENABLE_TESTABILITY = YES;
				GCC_C_LANGUAGE_STANDARD = gnu99;
				GCC_DYNAMIC_NO_PIC = NO;
				GCC_NO_COMMON_BLOCKS = YES;
				GCC_OPTIMIZATION_LEVEL = 0;
				GCC_PREPROCESSOR_DEFINITIONS = (
					"DEBUG=1",
					"$(inherited)",
				);
				GCC_WARN_64_TO_32_BIT_CONVERSION = YES;
				GCC_WARN_ABOUT_RETURN_TYPE = YES_ERROR;
				GCC_WARN_UNDECLARED_SELECTOR = YES;
				GCC_WARN_UNINITIALIZED_AUTOS = YES_AGGRESSIVE;
				GCC_WARN_UNUSED_FUNCTION = YES;
				GCC_WARN_UNUSED_VARIABLE = YES;
				IPHONEOS_DEPLOYMENT_TARGET = 9.3;
				MTL_ENABLE_DEBUG_INFO = YES;
				ONLY_ACTIVE_ARCH = YES;
				SDKROOT = iphoneos;
				SWIFT_OPTIMIZATION_LEVEL = "-Onone";
			};
			name = Debug;
		};
		AB098FB81D99478E00622188 /* Release */ = {
			isa = XCBuildConfiguration;
			buildSettings = {
				ALWAYS_SEARCH_USER_PATHS = NO;
				CLANG_ANALYZER_NONNULL = YES;
				CLANG_CXX_LANGUAGE_STANDARD = "gnu++0x";
				CLANG_CXX_LIBRARY = "libc++";
				CLANG_ENABLE_MODULES = YES;
				CLANG_ENABLE_OBJC_ARC = YES;
				CLANG_WARN_BOOL_CONVERSION = YES;
				CLANG_WARN_CONSTANT_CONVERSION = YES;
				CLANG_WARN_DIRECT_OBJC_ISA_USAGE = YES_ERROR;
				CLANG_WARN_EMPTY_BODY = YES;
				CLANG_WARN_ENUM_CONVERSION = YES;
				CLANG_WARN_INFINITE_RECURSION = YES;
				CLANG_WARN_INT_CONVERSION = YES;
				CLANG_WARN_OBJC_ROOT_CLASS = YES_ERROR;
				CLANG_WARN_SUSPICIOUS_MOVE = YES;
				CLANG_WARN_UNREACHABLE_CODE = YES;
				CLANG_WARN__DUPLICATE_METHOD_MATCH = YES;
				"CODE_SIGN_IDENTITY[sdk=iphoneos*]" = "iPhone Developer";
				COPY_PHASE_STRIP = NO;
				DEBUG_INFORMATION_FORMAT = "dwarf-with-dsym";
				ENABLE_NS_ASSERTIONS = NO;
				ENABLE_STRICT_OBJC_MSGSEND = YES;
				GCC_C_LANGUAGE_STANDARD = gnu99;
				GCC_NO_COMMON_BLOCKS = YES;
				GCC_WARN_64_TO_32_BIT_CONVERSION = YES;
				GCC_WARN_ABOUT_RETURN_TYPE = YES_ERROR;
				GCC_WARN_UNDECLARED_SELECTOR = YES;
				GCC_WARN_UNINITIALIZED_AUTOS = YES_AGGRESSIVE;
				GCC_WARN_UNUSED_FUNCTION = YES;
				GCC_WARN_UNUSED_VARIABLE = YES;
				IPHONEOS_DEPLOYMENT_TARGET = 9.3;
				MTL_ENABLE_DEBUG_INFO = NO;
				SDKROOT = iphoneos;
				SWIFT_OPTIMIZATION_LEVEL = "-Owholemodule";
				VALIDATE_PRODUCT = YES;
			};
			name = Release;
		};
		AB098FBA1D99478E00622188 /* Debug */ = {
			isa = XCBuildConfiguration;
			buildSettings = {
				ASSETCATALOG_COMPILER_APPICON_NAME = AppIcon;
				ASSETCATALOG_COMPILER_LAUNCHIMAGE_NAME = LaunchImage;
				CODE_SIGN_IDENTITY = "";
				"CODE_SIGN_IDENTITY[sdk=iphoneos*]" = "iPhone Developer";
				DEVELOPMENT_TEAM = EP75SSBDBP;
				INFOPLIST_FILE = MyFuel/Info.plist;
				IPHONEOS_DEPLOYMENT_TARGET = 10.0;
				LD_RUNPATH_SEARCH_PATHS = "$(inherited) @executable_path/Frameworks";
				PRODUCT_BUNDLE_IDENTIFIER = LS.MyFuel;
				PRODUCT_NAME = "$(TARGET_NAME)";
				SWIFT_VERSION = 3.0;
			};
			name = Debug;
		};
		AB098FBB1D99478E00622188 /* Release */ = {
			isa = XCBuildConfiguration;
			buildSettings = {
				ASSETCATALOG_COMPILER_APPICON_NAME = AppIcon;
				ASSETCATALOG_COMPILER_LAUNCHIMAGE_NAME = LaunchImage;
				CODE_SIGN_IDENTITY = "";
				"CODE_SIGN_IDENTITY[sdk=iphoneos*]" = "iPhone Developer";
				DEVELOPMENT_TEAM = EP75SSBDBP;
				INFOPLIST_FILE = MyFuel/Info.plist;
				IPHONEOS_DEPLOYMENT_TARGET = 10.0;
				LD_RUNPATH_SEARCH_PATHS = "$(inherited) @executable_path/Frameworks";
				PRODUCT_BUNDLE_IDENTIFIER = LS.MyFuel;
				PRODUCT_NAME = "$(TARGET_NAME)";
				SWIFT_VERSION = 3.0;
			};
			name = Release;
		};
		AB99D56B1E1C7F5500FAD6F6 /* Debug */ = {
			isa = XCBuildConfiguration;
			buildSettings = {
				ALWAYS_EMBED_SWIFT_STANDARD_LIBRARIES = YES;
				ASSETCATALOG_COMPILER_APPICON_NAME = AppIconWatch;
				CLANG_WARN_DOCUMENTATION_COMMENTS = YES;
				DEVELOPMENT_TEAM = EP75SSBDBP;
				IBSC_MODULE = MyFuelWatch_Extension;
				INFOPLIST_FILE = MyFuelWatch/Info.plist;
				PRODUCT_BUNDLE_IDENTIFIER = LS.MyFuel.watchkitapp;
				PRODUCT_NAME = "$(TARGET_NAME)";
				SDKROOT = watchos;
				SKIP_INSTALL = YES;
				SWIFT_ACTIVE_COMPILATION_CONDITIONS = DEBUG;
				SWIFT_VERSION = 3.0;
				TARGETED_DEVICE_FAMILY = 4;
				WATCHOS_DEPLOYMENT_TARGET = 3.1;
			};
			name = Debug;
		};
		AB99D56C1E1C7F5500FAD6F6 /* Release */ = {
			isa = XCBuildConfiguration;
			buildSettings = {
				ALWAYS_EMBED_SWIFT_STANDARD_LIBRARIES = YES;
				ASSETCATALOG_COMPILER_APPICON_NAME = AppIconWatch;
				CLANG_WARN_DOCUMENTATION_COMMENTS = YES;
				DEVELOPMENT_TEAM = EP75SSBDBP;
				IBSC_MODULE = MyFuelWatch_Extension;
				INFOPLIST_FILE = MyFuelWatch/Info.plist;
				PRODUCT_BUNDLE_IDENTIFIER = LS.MyFuel.watchkitapp;
				PRODUCT_NAME = "$(TARGET_NAME)";
				SDKROOT = watchos;
				SKIP_INSTALL = YES;
				SWIFT_VERSION = 3.0;
				TARGETED_DEVICE_FAMILY = 4;
				WATCHOS_DEPLOYMENT_TARGET = 3.1;
			};
			name = Release;
		};
		AB99D56D1E1C7F5500FAD6F6 /* Debug */ = {
			isa = XCBuildConfiguration;
			buildSettings = {
				ASSETCATALOG_COMPILER_COMPLICATION_NAME = Complication;
				CLANG_WARN_DOCUMENTATION_COMMENTS = YES;
				DEVELOPMENT_TEAM = EP75SSBDBP;
				INFOPLIST_FILE = "MyFuelWatch Extension/Info.plist";
				LD_RUNPATH_SEARCH_PATHS = "$(inherited) @executable_path/Frameworks @executable_path/../../Frameworks";
				PRODUCT_BUNDLE_IDENTIFIER = LS.MyFuel.watchkitapp.watchkitextension;
				PRODUCT_NAME = "${TARGET_NAME}";
				SDKROOT = watchos;
				SKIP_INSTALL = YES;
				SWIFT_ACTIVE_COMPILATION_CONDITIONS = DEBUG;
				SWIFT_VERSION = 3.0;
				TARGETED_DEVICE_FAMILY = 4;
				WATCHOS_DEPLOYMENT_TARGET = 3.1;
			};
			name = Debug;
		};
		AB99D56E1E1C7F5500FAD6F6 /* Release */ = {
			isa = XCBuildConfiguration;
			buildSettings = {
				ASSETCATALOG_COMPILER_COMPLICATION_NAME = Complication;
				CLANG_WARN_DOCUMENTATION_COMMENTS = YES;
				DEVELOPMENT_TEAM = EP75SSBDBP;
				INFOPLIST_FILE = "MyFuelWatch Extension/Info.plist";
				LD_RUNPATH_SEARCH_PATHS = "$(inherited) @executable_path/Frameworks @executable_path/../../Frameworks";
				PRODUCT_BUNDLE_IDENTIFIER = LS.MyFuel.watchkitapp.watchkitextension;
				PRODUCT_NAME = "${TARGET_NAME}";
				SDKROOT = watchos;
				SKIP_INSTALL = YES;
				SWIFT_VERSION = 3.0;
				TARGETED_DEVICE_FAMILY = 4;
				WATCHOS_DEPLOYMENT_TARGET = 3.1;
			};
			name = Release;
		};
/* End XCBuildConfiguration section */

/* Begin XCConfigurationList section */
		AB098FA21D99478D00622188 /* Build configuration list for PBXProject "MyFuel" */ = {
			isa = XCConfigurationList;
			buildConfigurations = (
				AB098FB71D99478E00622188 /* Debug */,
				AB098FB81D99478E00622188 /* Release */,
			);
			defaultConfigurationIsVisible = 0;
			defaultConfigurationName = Release;
		};
		AB098FB91D99478E00622188 /* Build configuration list for PBXNativeTarget "MyFuel" */ = {
			isa = XCConfigurationList;
			buildConfigurations = (
				AB098FBA1D99478E00622188 /* Debug */,
				AB098FBB1D99478E00622188 /* Release */,
			);
			defaultConfigurationIsVisible = 0;
			defaultConfigurationName = Release;
		};
		AB99D56F1E1C7F5500FAD6F6 /* Build configuration list for PBXNativeTarget "MyFuelWatch Extension" */ = {
			isa = XCConfigurationList;
			buildConfigurations = (
				AB99D56D1E1C7F5500FAD6F6 /* Debug */,
				AB99D56E1E1C7F5500FAD6F6 /* Release */,
			);
			defaultConfigurationIsVisible = 0;
			defaultConfigurationName = Release;
		};
		AB99D5711E1C7F5500FAD6F6 /* Build configuration list for PBXNativeTarget "MyFuelWatch" */ = {
			isa = XCConfigurationList;
			buildConfigurations = (
				AB99D56B1E1C7F5500FAD6F6 /* Debug */,
				AB99D56C1E1C7F5500FAD6F6 /* Release */,
			);
			defaultConfigurationIsVisible = 0;
			defaultConfigurationName = Release;
		};
/* End XCConfigurationList section */
	};
	rootObject = AB098F9F1D99478D00622188 /* Project object */;
}
