// !$*UTF8*$!
{
	archiveVersion = 1;
	classes = {
	};
	objectVersion = 46;
	objects = {

/* Begin PBXBuildFile section */
		AB098FAB1D99478E00622188 /* AppDelegate.swift in Sources */ = {isa = PBXBuildFile; fileRef = AB098FAA1D99478E00622188 /* AppDelegate.swift */; };
		AB098FAD1D99478E00622188 /* ViewController.swift in Sources */ = {isa = PBXBuildFile; fileRef = AB098FAC1D99478E00622188 /* ViewController.swift */; };
		AB098FB01D99478E00622188 /* Main.storyboard in Resources */ = {isa = PBXBuildFile; fileRef = AB098FAE1D99478E00622188 /* Main.storyboard */; };
		AB098FB21D99478E00622188 /* Assets.xcassets in Resources */ = {isa = PBXBuildFile; fileRef = AB098FB11D99478E00622188 /* Assets.xcassets */; };
		AB098FB51D99478E00622188 /* LaunchScreen.storyboard in Resources */ = {isa = PBXBuildFile; fileRef = AB098FB31D99478E00622188 /* LaunchScreen.storyboard */; };
		AB26A7B11D9964E1000F5A34 /* ViewRifornienti.swift in Sources */ = {isa = PBXBuildFile; fileRef = AB26A7AF1D9964E1000F5A34 /* ViewRifornienti.swift */; };
		AB26A7B41D996676000F5A34 /* ViewNewValue.swift in Sources */ = {isa = PBXBuildFile; fileRef = AB26A7B31D996676000F5A34 /* ViewNewValue.swift */; };
		AB26A7B71D9968AF000F5A34 /* CustomValueCell.swift in Sources */ = {isa = PBXBuildFile; fileRef = AB26A7B51D9968AF000F5A34 /* CustomValueCell.swift */; };
		AB26A7B81D9968AF000F5A34 /* CustomValueCell.xib in Resources */ = {isa = PBXBuildFile; fileRef = AB26A7B61D9968AF000F5A34 /* CustomValueCell.xib */; };
		AB4E34DE1D9C10F700ED5325 /* MySqlClass.swift in Sources */ = {isa = PBXBuildFile; fileRef = AB4E34DD1D9C10F700ED5325 /* MySqlClass.swift */; };
		AB85FAEA1D9951FC00197310 /* CustomStatCell.swift in Sources */ = {isa = PBXBuildFile; fileRef = AB85FAE81D9951FC00197310 /* CustomStatCell.swift */; };
		AB85FAEB1D9951FC00197310 /* CustomStatCell.xib in Resources */ = {isa = PBXBuildFile; fileRef = AB85FAE91D9951FC00197310 /* CustomStatCell.xib */; };
/* End PBXBuildFile section */

/* Begin PBXFileReference section */
		AB098FA71D99478E00622188 /* MyFuel.app */ = {isa = PBXFileReference; explicitFileType = wrapper.application; includeInIndex = 0; path = MyFuel.app; sourceTree = BUILT_PRODUCTS_DIR; };
		AB098FAA1D99478E00622188 /* AppDelegate.swift */ = {isa = PBXFileReference; lastKnownFileType = sourcecode.swift; path = AppDelegate.swift; sourceTree = "<group>"; };
		AB098FAC1D99478E00622188 /* ViewController.swift */ = {isa = PBXFileReference; lastKnownFileType = sourcecode.swift; path = ViewController.swift; sourceTree = "<group>"; };
		AB098FAF1D99478E00622188 /* Base */ = {isa = PBXFileReference; lastKnownFileType = file.storyboard; name = Base; path = Base.lproj/Main.storyboard; sourceTree = "<group>"; };
		AB098FB11D99478E00622188 /* Assets.xcassets */ = {isa = PBXFileReference; lastKnownFileType = folder.assetcatalog; path = Assets.xcassets; sourceTree = "<group>"; };
		AB098FB41D99478E00622188 /* Base */ = {isa = PBXFileReference; lastKnownFileType = file.storyboard; name = Base; path = Base.lproj/LaunchScreen.storyboard; sourceTree = "<group>"; };
		AB098FB61D99478E00622188 /* Info.plist */ = {isa = PBXFileReference; lastKnownFileType = text.plist.xml; path = Info.plist; sourceTree = "<group>"; };
		AB26A7AF1D9964E1000F5A34 /* ViewRifornienti.swift */ = {isa = PBXFileReference; fileEncoding = 4; lastKnownFileType = sourcecode.swift; path = ViewRifornienti.swift; sourceTree = "<group>"; };
		AB26A7B31D996676000F5A34 /* ViewNewValue.swift */ = {isa = PBXFileReference; fileEncoding = 4; lastKnownFileType = sourcecode.swift; path = ViewNewValue.swift; sourceTree = "<group>"; };
		AB26A7B51D9968AF000F5A34 /* CustomValueCell.swift */ = {isa = PBXFileReference; fileEncoding = 4; lastKnownFileType = sourcecode.swift; path = CustomValueCell.swift; sourceTree = "<group>"; };
		AB26A7B61D9968AF000F5A34 /* CustomValueCell.xib */ = {isa = PBXFileReference; fileEncoding = 4; lastKnownFileType = file.xib; path = CustomValueCell.xib; sourceTree = "<group>"; };
		AB4E34DD1D9C10F700ED5325 /* MySqlClass.swift */ = {isa = PBXFileReference; fileEncoding = 4; lastKnownFileType = sourcecode.swift; path = MySqlClass.swift; sourceTree = "<group>"; };
		AB85FAE81D9951FC00197310 /* CustomStatCell.swift */ = {isa = PBXFileReference; fileEncoding = 4; lastKnownFileType = sourcecode.swift; path = CustomStatCell.swift; sourceTree = "<group>"; };
		AB85FAE91D9951FC00197310 /* CustomStatCell.xib */ = {isa = PBXFileReference; fileEncoding = 4; lastKnownFileType = file.xib; path = CustomStatCell.xib; sourceTree = "<group>"; };
/* End PBXFileReference section */

/* Begin PBXFrameworksBuildPhase section */
		AB098FA41D99478D00622188 /* Frameworks */ = {
			isa = PBXFrameworksBuildPhase;
			buildActionMask = 2147483647;
			files = (
			);
			runOnlyForDeploymentPostprocessing = 0;
		};
/* End PBXFrameworksBuildPhase section */

/* Begin PBXGroup section */
		AB098F9E1D99478D00622188 = {
			isa = PBXGroup;
			children = (
				AB098FA91D99478E00622188 /* MyFuel */,
				AB098FA81D99478E00622188 /* Products */,
			);
			sourceTree = "<group>";
		};
		AB098FA81D99478E00622188 /* Products */ = {
			isa = PBXGroup;
			children = (
				AB098FA71D99478E00622188 /* MyFuel.app */,
			);
			name = Products;
			sourceTree = "<group>";
		};
		AB098FA91D99478E00622188 /* MyFuel */ = {
			isa = PBXGroup;
			children = (
				ABCF1ACC1D99CFD300582316 /* Image */,
				AB85FAE71D99519300197310 /* Cells */,
				AB098FAA1D99478E00622188 /* AppDelegate.swift */,
				AB098FAC1D99478E00622188 /* ViewController.swift */,
				AB098FAE1D99478E00622188 /* Main.storyboard */,
				AB26A7AF1D9964E1000F5A34 /* ViewRifornienti.swift */,
				AB098FB11D99478E00622188 /* Assets.xcassets */,
				AB098FB31D99478E00622188 /* LaunchScreen.storyboard */,
				AB098FB61D99478E00622188 /* Info.plist */,
				AB26A7B31D996676000F5A34 /* ViewNewValue.swift */,
				AB4E34DD1D9C10F700ED5325 /* MySqlClass.swift */,
			);
			path = MyFuel;
			sourceTree = "<group>";
		};
		AB85FAE71D99519300197310 /* Cells */ = {
			isa = PBXGroup;
			children = (
				AB85FAE81D9951FC00197310 /* CustomStatCell.swift */,
				AB85FAE91D9951FC00197310 /* CustomStatCell.xib */,
				AB26A7B51D9968AF000F5A34 /* CustomValueCell.swift */,
				AB26A7B61D9968AF000F5A34 /* CustomValueCell.xib */,
			);
			name = Cells;
			sourceTree = "<group>";
		};
		ABCF1ACC1D99CFD300582316 /* Image */ = {
			isa = PBXGroup;
			children = (
			);
			name = Image;
			sourceTree = "<group>";
		};
/* End PBXGroup section */

/* Begin PBXNativeTarget section */
		AB098FA61D99478D00622188 /* MyFuel */ = {
			isa = PBXNativeTarget;
			buildConfigurationList = AB098FB91D99478E00622188 /* Build configuration list for PBXNativeTarget "MyFuel" */;
			buildPhases = (
				AB098FA31D99478D00622188 /* Sources */,
				AB098FA41D99478D00622188 /* Frameworks */,
				AB098FA51D99478D00622188 /* Resources */,
			);
			buildRules = (
			);
			dependencies = (
			);
			name = MyFuel;
			productName = MyFuel;
			productReference = AB098FA71D99478E00622188 /* MyFuel.app */;
			productType = "com.apple.product-type.application";
		};
/* End PBXNativeTarget section */

/* Begin PBXProject section */
		AB098F9F1D99478D00622188 /* Project object */ = {
			isa = PBXProject;
			attributes = {
				LastSwiftUpdateCheck = 0730;
				LastUpgradeCheck = 0800;
				ORGANIZATIONNAME = "Luca Storer";
				TargetAttributes = {
					AB098FA61D99478D00622188 = {
						CreatedOnToolsVersion = 7.3;
						DevelopmentTeam = EP75SSBDBP;
						LastSwiftMigration = 0800;
						ProvisioningStyle = Automatic;
					};
				};
			};
			buildConfigurationList = AB098FA21D99478D00622188 /* Build configuration list for PBXProject "MyFuel" */;
			compatibilityVersion = "Xcode 3.2";
			developmentRegion = English;
			hasScannedForEncodings = 0;
			knownRegions = (
				en,
				Base,
			);
			mainGroup = AB098F9E1D99478D00622188;
			productRefGroup = AB098FA81D99478E00622188 /* Products */;
			projectDirPath = "";
			projectRoot = "";
			targets = (
				AB098FA61D99478D00622188 /* MyFuel */,
			);
		};
/* End PBXProject section */

/* Begin PBXResourcesBuildPhase section */
		AB098FA51D99478D00622188 /* Resources */ = {
			isa = PBXResourcesBuildPhase;
			buildActionMask = 2147483647;
			files = (
				AB098FB51D99478E00622188 /* LaunchScreen.storyboard in Resources */,
				AB098FB21D99478E00622188 /* Assets.xcassets in Resources */,
				AB85FAEB1D9951FC00197310 /* CustomStatCell.xib in Resources */,
				AB26A7B81D9968AF000F5A34 /* CustomValueCell.xib in Resources */,
				AB098FB01D99478E00622188 /* Main.storyboard in Resources */,
			);
			runOnlyForDeploymentPostprocessing = 0;
		};
/* End PBXResourcesBuildPhase section */

/* Begin PBXSourcesBuildPhase section */
		AB098FA31D99478D00622188 /* Sources */ = {
			isa = PBXSourcesBuildPhase;
			buildActionMask = 2147483647;
			files = (
				AB4E34DE1D9C10F700ED5325 /* MySqlClass.swift in Sources */,
				AB26A7B11D9964E1000F5A34 /* ViewRifornienti.swift in Sources */,
				AB098FAD1D99478E00622188 /* ViewController.swift in Sources */,
				AB098FAB1D99478E00622188 /* AppDelegate.swift in Sources */,
				AB26A7B41D996676000F5A34 /* ViewNewValue.swift in Sources */,
				AB26A7B71D9968AF000F5A34 /* CustomValueCell.swift in Sources */,
				AB85FAEA1D9951FC00197310 /* CustomStatCell.swift in Sources */,
			);
			runOnlyForDeploymentPostprocessing = 0;
		};
/* End PBXSourcesBuildPhase section */

/* Begin PBXVariantGroup section */
		AB098FAE1D99478E00622188 /* Main.storyboard */ = {
			isa = PBXVariantGroup;
			children = (
				AB098FAF1D99478E00622188 /* Base */,
			);
			name = Main.storyboard;
			sourceTree = "<group>";
		};
		AB098FB31D99478E00622188 /* LaunchScreen.storyboard */ = {
			isa = PBXVariantGroup;
			children = (
				AB098FB41D99478E00622188 /* Base */,
			);
			name = LaunchScreen.storyboard;
			sourceTree = "<group>";
		};
/* End PBXVariantGroup section */

/* Begin XCBuildConfiguration section */
		AB098FB71D99478E00622188 /* Debug */ = {
			isa = XCBuildConfiguration;
			buildSettings = {
				ALWAYS_SEARCH_USER_PATHS = NO;
				CLANG_ANALYZER_NONNULL = YES;
				CLANG_CXX_LANGUAGE_STANDARD = "gnu++0x";
				CLANG_CXX_LIBRARY = "libc++";
				CLANG_ENABLE_MODULES = YES;
				CLANG_ENABLE_OBJC_ARC = YES;
				CLANG_WARN_BOOL_CONVERSION = YES;
				CLANG_WARN_CONSTANT_CONVERSION = YES;
				CLANG_WARN_DIRECT_OBJC_ISA_USAGE = YES_ERROR;
				CLANG_WARN_EMPTY_BODY = YES;
				CLANG_WARN_ENUM_CONVERSION = YES;
				CLANG_WARN_INFINITE_RECURSION = YES;
				CLANG_WARN_INT_CONVERSION = YES;
				CLANG_WARN_OBJC_ROOT_CLASS = YES_ERROR;
				CLANG_WARN_SUSPICIOUS_MOVE = YES;
				CLANG_WARN_UNREACHABLE_CODE = YES;
				CLANG_WARN__DUPLICATE_METHOD_MATCH = YES;
				"CODE_SIGN_IDENTITY[sdk=iphoneos*]" = "iPhone Developer";
				COPY_PHASE_STRIP = NO;
				DEBUG_INFORMATION_FORMAT = dwarf;
				ENABLE_STRICT_OBJC_MSGSEND = YES;
				ENABLE_TESTABILITY = YES;
				GCC_C_LANGUAGE_STANDARD = gnu99;
				GCC_DYNAMIC_NO_PIC = NO;
				GCC_NO_COMMON_BLOCKS = YES;
				GCC_OPTIMIZATION_LEVEL = 0;
				GCC_PREPROCESSOR_DEFINITIONS = (
					"DEBUG=1",
					"$(inherited)",
				);
				GCC_WARN_64_TO_32_BIT_CONVERSION = YES;
				GCC_WARN_ABOUT_RETURN_TYPE = YES_ERROR;
				GCC_WARN_UNDECLARED_SELECTOR = YES;
				GCC_WARN_UNINITIALIZED_AUTOS = YES_AGGRESSIVE;
				GCC_WARN_UNUSED_FUNCTION = YES;
				GCC_WARN_UNUSED_VARIABLE = YES;
				IPHONEOS_DEPLOYMENT_TARGET = 9.3;
				MTL_ENABLE_DEBUG_INFO = YES;
				ONLY_ACTIVE_ARCH = YES;
				SDKROOT = iphoneos;
				SWIFT_OPTIMIZATION_LEVEL = "-Onone";
			};
			name = Debug;
		};
		AB098FB81D99478E00622188 /* Release */ = {
			isa = XCBuildConfiguration;
			buildSettings = {
				ALWAYS_SEARCH_USER_PATHS = NO;
				CLANG_ANALYZER_NONNULL = YES;
				CLANG_CXX_LANGUAGE_STANDARD = "gnu++0x";
				CLANG_CXX_LIBRARY = "libc++";
				CLANG_ENABLE_MODULES = YES;
				CLANG_ENABLE_OBJC_ARC = YES;
				CLANG_WARN_BOOL_CONVERSION = YES;
				CLANG_WARN_CONSTANT_CONVERSION = YES;
				CLANG_WARN_DIRECT_OBJC_ISA_USAGE = YES_ERROR;
				CLANG_WARN_EMPTY_BODY = YES;
				CLANG_WARN_ENUM_CONVERSION = YES;
				CLANG_WARN_INFINITE_RECURSION = YES;
				CLANG_WARN_INT_CONVERSION = YES;
				CLANG_WARN_OBJC_ROOT_CLASS = YES_ERROR;
				CLANG_WARN_SUSPICIOUS_MOVE = YES;
				CLANG_WARN_UNREACHABLE_CODE = YES;
				CLANG_WARN__DUPLICATE_METHOD_MATCH = YES;
				"CODE_SIGN_IDENTITY[sdk=iphoneos*]" = "iPhone Developer";
				COPY_PHASE_STRIP = NO;
				DEBUG_INFORMATION_FORMAT = "dwarf-with-dsym";
				ENABLE_NS_ASSERTIONS = NO;
				ENABLE_STRICT_OBJC_MSGSEND = YES;
				GCC_C_LANGUAGE_STANDARD = gnu99;
				GCC_NO_COMMON_BLOCKS = YES;
				GCC_WARN_64_TO_32_BIT_CONVERSION = YES;
				GCC_WARN_ABOUT_RETURN_TYPE = YES_ERROR;
				GCC_WARN_UNDECLARED_SELECTOR = YES;
				GCC_WARN_UNINITIALIZED_AUTOS = YES_AGGRESSIVE;
				GCC_WARN_UNUSED_FUNCTION = YES;
				GCC_WARN_UNUSED_VARIABLE = YES;
				IPHONEOS_DEPLOYMENT_TARGET = 9.3;
				MTL_ENABLE_DEBUG_INFO = NO;
				SDKROOT = iphoneos;
				SWIFT_OPTIMIZATION_LEVEL = "-Owholemodule";
				VALIDATE_PRODUCT = YES;
			};
			name = Release;
		};
		AB098FBA1D99478E00622188 /* Debug */ = {
			isa = XCBuildConfiguration;
			buildSettings = {
				ASSETCATALOG_COMPILER_APPICON_NAME = AppIcon;
				CODE_SIGN_IDENTITY = "";
				"CODE_SIGN_IDENTITY[sdk=iphoneos*]" = "iPhone Developer";
				DEVELOPMENT_TEAM = EP75SSBDBP;
				INFOPLIST_FILE = MyFuel/Info.plist;
				IPHONEOS_DEPLOYMENT_TARGET = 10.0;
				LD_RUNPATH_SEARCH_PATHS = "$(inherited) @executable_path/Frameworks";
				PRODUCT_BUNDLE_IDENTIFIER = LS.MyFuel;
				PRODUCT_NAME = "$(TARGET_NAME)";
				SWIFT_VERSION = 3.0;
			};
			name = Debug;
		};
		AB098FBB1D99478E00622188 /* Release */ = {
			isa = XCBuildConfiguration;
			buildSettings = {
				ASSETCATALOG_COMPILER_APPICON_NAME = AppIcon;
				CODE_SIGN_IDENTITY = "";
				"CODE_SIGN_IDENTITY[sdk=iphoneos*]" = "iPhone Developer";
				DEVELOPMENT_TEAM = EP75SSBDBP;
				INFOPLIST_FILE = MyFuel/Info.plist;
				IPHONEOS_DEPLOYMENT_TARGET = 10.0;
				LD_RUNPATH_SEARCH_PATHS = "$(inherited) @executable_path/Frameworks";
				PRODUCT_BUNDLE_IDENTIFIER = LS.MyFuel;
				PRODUCT_NAME = "$(TARGET_NAME)";
				SWIFT_VERSION = 3.0;
			};
			name = Release;
		};
/* End XCBuildConfiguration section */

/* Begin XCConfigurationList section */
		AB098FA21D99478D00622188 /* Build configuration list for PBXProject "MyFuel" */ = {
			isa = XCConfigurationList;
			buildConfigurations = (
				AB098FB71D99478E00622188 /* Debug */,
				AB098FB81D99478E00622188 /* Release */,
			);
			defaultConfigurationIsVisible = 0;
			defaultConfigurationName = Release;
		};
		AB098FB91D99478E00622188 /* Build configuration list for PBXNativeTarget "MyFuel" */ = {
			isa = XCConfigurationList;
			buildConfigurations = (
				AB098FBA1D99478E00622188 /* Debug */,
				AB098FBB1D99478E00622188 /* Release */,
			);
			defaultConfigurationIsVisible = 0;
			defaultConfigurationName = Release;
		};
/* End XCConfigurationList section */
	};
	rootObject = AB098F9F1D99478D00622188 /* Project object */;
}
